// !$*UTF8*$!
{
	archiveVersion = 1;
	classes = {
	};
	objectVersion = 46;
	objects = {

/* Begin PBXBuildFile section */
		05739C8D37B8C9C5451D883D /* Pods_PockemonApp.framework in Frameworks */ = {isa = PBXBuildFile; fileRef = DE19CFAC17B64A9364F26CF0 /* Pods_PockemonApp.framework */; };
		C52D36AC1D76D877009C4FE5 /* albums.json in Resources */ = {isa = PBXBuildFile; fileRef = C52D36A91D76D876009C4FE5 /* albums.json */; };
		C52D36AD1D76D877009C4FE5 /* photos.json in Resources */ = {isa = PBXBuildFile; fileRef = C52D36AA1D76D877009C4FE5 /* photos.json */; };
		C52D36AE1D76D877009C4FE5 /* users.json in Resources */ = {isa = PBXBuildFile; fileRef = C52D36AB1D76D877009C4FE5 /* users.json */; };
		C52D36B01D76E03E009C4FE5 /* AlbumsLikedController.swift in Sources */ = {isa = PBXBuildFile; fileRef = C52D36AF1D76E03E009C4FE5 /* AlbumsLikedController.swift */; };
		C52D36B21D76E181009C4FE5 /* PhotoCell.swift in Sources */ = {isa = PBXBuildFile; fileRef = C52D36B11D76E181009C4FE5 /* PhotoCell.swift */; };
		C52D36B61D76FB3C009C4FE5 /* ViewModelAlbumsList.swift in Sources */ = {isa = PBXBuildFile; fileRef = C52D36B51D76FB3C009C4FE5 /* ViewModelAlbumsList.swift */; };
		C52D36B91D76FB5C009C4FE5 /* ViewModelLikedAlbums.swift in Sources */ = {isa = PBXBuildFile; fileRef = C52D36B81D76FB5C009C4FE5 /* ViewModelLikedAlbums.swift */; };
		C52D36BB1D76FB80009C4FE5 /* ViewModelPhotosCollection.swift in Sources */ = {isa = PBXBuildFile; fileRef = C52D36BA1D76FB80009C4FE5 /* ViewModelPhotosCollection.swift */; };
		C534E2C71D829C5700E00162 /* ViewModelCell.swift in Sources */ = {isa = PBXBuildFile; fileRef = C534E2C61D829C5700E00162 /* ViewModelCell.swift */; };
		C53BA2D61D8001C500410287 /* ReactiveDataFavouriteAlbums.swift in Sources */ = {isa = PBXBuildFile; fileRef = C53BA2D51D8001C500410287 /* ReactiveDataFavouriteAlbums.swift */; };
		C5579F3D1D7419BC00DBFA7C /* AppDelegate.swift in Sources */ = {isa = PBXBuildFile; fileRef = C5579F3C1D7419BC00DBFA7C /* AppDelegate.swift */; };
		C5579F3F1D7419BC00DBFA7C /* AlbumsListViewController.swift in Sources */ = {isa = PBXBuildFile; fileRef = C5579F3E1D7419BC00DBFA7C /* AlbumsListViewController.swift */; };
		C5579F421D7419BC00DBFA7C /* Main.storyboard in Resources */ = {isa = PBXBuildFile; fileRef = C5579F401D7419BC00DBFA7C /* Main.storyboard */; };
		C5579F441D7419BC00DBFA7C /* Assets.xcassets in Resources */ = {isa = PBXBuildFile; fileRef = C5579F431D7419BC00DBFA7C /* Assets.xcassets */; };
		C5579F471D7419BC00DBFA7C /* LaunchScreen.storyboard in Resources */ = {isa = PBXBuildFile; fileRef = C5579F451D7419BC00DBFA7C /* LaunchScreen.storyboard */; };
		C5579F4F1D741A3300DBFA7C /* Podfile in Resources */ = {isa = PBXBuildFile; fileRef = C5579F4E1D741A3300DBFA7C /* Podfile */; };
		C5579F581D7425CE00DBFA7C /* AlbumCell.swift in Sources */ = {isa = PBXBuildFile; fileRef = C5579F571D7425CE00DBFA7C /* AlbumCell.swift */; };
		C5579F5A1D74308B00DBFA7C /* PhotosCollectionViewController.swift in Sources */ = {isa = PBXBuildFile; fileRef = C5579F591D74308B00DBFA7C /* PhotosCollectionViewController.swift */; };
		C5579F5C1D743E5400DBFA7C /* User.swift in Sources */ = {isa = PBXBuildFile; fileRef = C5579F5B1D743E5400DBFA7C /* User.swift */; };
		C5579F5E1D74473700DBFA7C /* PokemonUrlsNames.swift in Sources */ = {isa = PBXBuildFile; fileRef = C5579F5D1D74473700DBFA7C /* PokemonUrlsNames.swift */; };
		C5579F601D744B6D00DBFA7C /* ApiServiceGet.swift in Sources */ = {isa = PBXBuildFile; fileRef = C5579F5F1D744B6D00DBFA7C /* ApiServiceGet.swift */; };
		C5FDB53F1D75E588006D6727 /* Photo.swift in Sources */ = {isa = PBXBuildFile; fileRef = C5FDB53E1D75E588006D6727 /* Photo.swift */; };
		C5FDB5411D75E598006D6727 /* Ability.swift in Sources */ = {isa = PBXBuildFile; fileRef = C5FDB5401D75E598006D6727 /* Ability.swift */; };
		C5FDB5451D75E637006D6727 /* Album.swift in Sources */ = {isa = PBXBuildFile; fileRef = C5FDB5441D75E637006D6727 /* Album.swift */; };
		C5FDB5471D75E69D006D6727 /* TypeName.swift in Sources */ = {isa = PBXBuildFile; fileRef = C5FDB5461D75E69D006D6727 /* TypeName.swift */; };
		C5FDB5491D75E717006D6727 /* ImageUrl.swift in Sources */ = {isa = PBXBuildFile; fileRef = C5FDB5481D75E717006D6727 /* ImageUrl.swift */; };
/* End PBXBuildFile section */

/* Begin PBXFileReference section */
		465B7B4A6BFB3791EF14B9CD /* Pods-PockemonApp.release.xcconfig */ = {isa = PBXFileReference; includeInIndex = 1; lastKnownFileType = text.xcconfig; name = "Pods-PockemonApp.release.xcconfig"; path = "Pods/Target Support Files/Pods-PockemonApp/Pods-PockemonApp.release.xcconfig"; sourceTree = "<group>"; };
		6DF378ED542FCCD412900A41 /* Pods-PockemonApp.debug.xcconfig */ = {isa = PBXFileReference; includeInIndex = 1; lastKnownFileType = text.xcconfig; name = "Pods-PockemonApp.debug.xcconfig"; path = "Pods/Target Support Files/Pods-PockemonApp/Pods-PockemonApp.debug.xcconfig"; sourceTree = "<group>"; };
		C52D36A91D76D876009C4FE5 /* albums.json */ = {isa = PBXFileReference; fileEncoding = 4; lastKnownFileType = text.json; path = albums.json; sourceTree = "<group>"; };
		C52D36AA1D76D877009C4FE5 /* photos.json */ = {isa = PBXFileReference; fileEncoding = 4; lastKnownFileType = text.json; path = photos.json; sourceTree = "<group>"; };
		C52D36AB1D76D877009C4FE5 /* users.json */ = {isa = PBXFileReference; fileEncoding = 4; lastKnownFileType = text.json; path = users.json; sourceTree = "<group>"; };
		C52D36AF1D76E03E009C4FE5 /* AlbumsLikedController.swift */ = {isa = PBXFileReference; fileEncoding = 4; lastKnownFileType = sourcecode.swift; path = AlbumsLikedController.swift; sourceTree = "<group>"; };
		C52D36B11D76E181009C4FE5 /* PhotoCell.swift */ = {isa = PBXFileReference; fileEncoding = 4; lastKnownFileType = sourcecode.swift; path = PhotoCell.swift; sourceTree = "<group>"; };
		C52D36B51D76FB3C009C4FE5 /* ViewModelAlbumsList.swift */ = {isa = PBXFileReference; fileEncoding = 4; lastKnownFileType = sourcecode.swift; path = ViewModelAlbumsList.swift; sourceTree = "<group>"; };
		C52D36B81D76FB5C009C4FE5 /* ViewModelLikedAlbums.swift */ = {isa = PBXFileReference; fileEncoding = 4; lastKnownFileType = sourcecode.swift; path = ViewModelLikedAlbums.swift; sourceTree = "<group>"; };
		C52D36BA1D76FB80009C4FE5 /* ViewModelPhotosCollection.swift */ = {isa = PBXFileReference; fileEncoding = 4; lastKnownFileType = sourcecode.swift; path = ViewModelPhotosCollection.swift; sourceTree = "<group>"; };
		C534E2C61D829C5700E00162 /* ViewModelCell.swift */ = {isa = PBXFileReference; fileEncoding = 4; lastKnownFileType = sourcecode.swift; path = ViewModelCell.swift; sourceTree = "<group>"; };
		C53BA2D51D8001C500410287 /* ReactiveDataFavouriteAlbums.swift */ = {isa = PBXFileReference; fileEncoding = 4; lastKnownFileType = sourcecode.swift; path = ReactiveDataFavouriteAlbums.swift; sourceTree = "<group>"; };
		C5579F391D7419BC00DBFA7C /* PockemonApp.app */ = {isa = PBXFileReference; explicitFileType = wrapper.application; includeInIndex = 0; path = PockemonApp.app; sourceTree = BUILT_PRODUCTS_DIR; };
		C5579F3C1D7419BC00DBFA7C /* AppDelegate.swift */ = {isa = PBXFileReference; lastKnownFileType = sourcecode.swift; path = AppDelegate.swift; sourceTree = "<group>"; };
		C5579F3E1D7419BC00DBFA7C /* AlbumsListViewController.swift */ = {isa = PBXFileReference; lastKnownFileType = sourcecode.swift; path = AlbumsListViewController.swift; sourceTree = "<group>"; };
		C5579F411D7419BC00DBFA7C /* Base */ = {isa = PBXFileReference; lastKnownFileType = file.storyboard; name = Base; path = Base.lproj/Main.storyboard; sourceTree = "<group>"; };
		C5579F431D7419BC00DBFA7C /* Assets.xcassets */ = {isa = PBXFileReference; lastKnownFileType = folder.assetcatalog; path = Assets.xcassets; sourceTree = "<group>"; };
		C5579F461D7419BC00DBFA7C /* Base */ = {isa = PBXFileReference; lastKnownFileType = file.storyboard; name = Base; path = Base.lproj/LaunchScreen.storyboard; sourceTree = "<group>"; };
		C5579F481D7419BC00DBFA7C /* Info.plist */ = {isa = PBXFileReference; lastKnownFileType = text.plist.xml; path = Info.plist; sourceTree = "<group>"; };
		C5579F4E1D741A3300DBFA7C /* Podfile */ = {isa = PBXFileReference; fileEncoding = 4; lastKnownFileType = text; path = Podfile; sourceTree = "<group>"; xcLanguageSpecificationIdentifier = xcode.lang.ruby; };
		C5579F571D7425CE00DBFA7C /* AlbumCell.swift */ = {isa = PBXFileReference; fileEncoding = 4; lastKnownFileType = sourcecode.swift; path = AlbumCell.swift; sourceTree = "<group>"; };
		C5579F591D74308B00DBFA7C /* PhotosCollectionViewController.swift */ = {isa = PBXFileReference; fileEncoding = 4; lastKnownFileType = sourcecode.swift; path = PhotosCollectionViewController.swift; sourceTree = "<group>"; };
		C5579F5B1D743E5400DBFA7C /* User.swift */ = {isa = PBXFileReference; fileEncoding = 4; lastKnownFileType = sourcecode.swift; path = User.swift; sourceTree = "<group>"; };
		C5579F5D1D74473700DBFA7C /* PokemonUrlsNames.swift */ = {isa = PBXFileReference; fileEncoding = 4; lastKnownFileType = sourcecode.swift; path = PokemonUrlsNames.swift; sourceTree = "<group>"; };
		C5579F5F1D744B6D00DBFA7C /* ApiServiceGet.swift */ = {isa = PBXFileReference; fileEncoding = 4; lastKnownFileType = sourcecode.swift; path = ApiServiceGet.swift; sourceTree = "<group>"; };
		C5FDB53E1D75E588006D6727 /* Photo.swift */ = {isa = PBXFileReference; fileEncoding = 4; lastKnownFileType = sourcecode.swift; path = Photo.swift; sourceTree = "<group>"; };
		C5FDB5401D75E598006D6727 /* Ability.swift */ = {isa = PBXFileReference; fileEncoding = 4; lastKnownFileType = sourcecode.swift; path = Ability.swift; sourceTree = "<group>"; };
		C5FDB5441D75E637006D6727 /* Album.swift */ = {isa = PBXFileReference; fileEncoding = 4; lastKnownFileType = sourcecode.swift; path = Album.swift; sourceTree = "<group>"; };
		C5FDB5461D75E69D006D6727 /* TypeName.swift */ = {isa = PBXFileReference; fileEncoding = 4; lastKnownFileType = sourcecode.swift; path = TypeName.swift; sourceTree = "<group>"; };
		C5FDB5481D75E717006D6727 /* ImageUrl.swift */ = {isa = PBXFileReference; fileEncoding = 4; lastKnownFileType = sourcecode.swift; path = ImageUrl.swift; sourceTree = "<group>"; };
		DE19CFAC17B64A9364F26CF0 /* Pods_PockemonApp.framework */ = {isa = PBXFileReference; explicitFileType = wrapper.framework; includeInIndex = 0; path = Pods_PockemonApp.framework; sourceTree = BUILT_PRODUCTS_DIR; };
/* End PBXFileReference section */

/* Begin PBXFrameworksBuildPhase section */
		C5579F361D7419BC00DBFA7C /* Frameworks */ = {
			isa = PBXFrameworksBuildPhase;
			buildActionMask = 2147483647;
			files = (
				05739C8D37B8C9C5451D883D /* Pods_PockemonApp.framework in Frameworks */,
			);
			runOnlyForDeploymentPostprocessing = 0;
		};
/* End PBXFrameworksBuildPhase section */

/* Begin PBXGroup section */
		4413E028700E656E90B5BADB /* Frameworks */ = {
			isa = PBXGroup;
			children = (
				DE19CFAC17B64A9364F26CF0 /* Pods_PockemonApp.framework */,
			);
			name = Frameworks;
			sourceTree = "<group>";
		};
		5D164BB0C7F056D094ECBC0A /* Pods */ = {
			isa = PBXGroup;
			children = (
				6DF378ED542FCCD412900A41 /* Pods-PockemonApp.debug.xcconfig */,
				465B7B4A6BFB3791EF14B9CD /* Pods-PockemonApp.release.xcconfig */,
			);
			name = Pods;
			sourceTree = "<group>";
		};
		C52D36A81D76D876009C4FE5 /* data */ = {
			isa = PBXGroup;
			children = (
				C52D36A91D76D876009C4FE5 /* albums.json */,
				C52D36AA1D76D877009C4FE5 /* photos.json */,
				C52D36AB1D76D877009C4FE5 /* users.json */,
			);
			path = data;
			sourceTree = "<group>";
		};
		C52D36B31D76E70F009C4FE5 /* OldModels */ = {
			isa = PBXGroup;
			children = (
				C5FDB5401D75E598006D6727 /* Ability.swift */,
				C5FDB5481D75E717006D6727 /* ImageUrl.swift */,
				C5FDB5461D75E69D006D6727 /* TypeName.swift */,
				C5579F5D1D74473700DBFA7C /* PokemonUrlsNames.swift */,
			);
			name = OldModels;
			sourceTree = "<group>";
		};
		C52D36B41D76FACD009C4FE5 /* viewModels */ = {
			isa = PBXGroup;
			children = (
				C52D36B51D76FB3C009C4FE5 /* ViewModelAlbumsList.swift */,
				C52D36B81D76FB5C009C4FE5 /* ViewModelLikedAlbums.swift */,
				C52D36BA1D76FB80009C4FE5 /* ViewModelPhotosCollection.swift */,
				C534E2C61D829C5700E00162 /* ViewModelCell.swift */,
			);
			name = viewModels;
			path = data;
			sourceTree = "<group>";
		};
		C5579F301D7419BC00DBFA7C = {
			isa = PBXGroup;
			children = (
				C5579F3B1D7419BC00DBFA7C /* PockemonApp */,
				C5579F3A1D7419BC00DBFA7C /* Products */,
				C5579F4E1D741A3300DBFA7C /* Podfile */,
				5D164BB0C7F056D094ECBC0A /* Pods */,
				4413E028700E656E90B5BADB /* Frameworks */,
			);
			sourceTree = "<group>";
		};
		C5579F3A1D7419BC00DBFA7C /* Products */ = {
			isa = PBXGroup;
			children = (
				C5579F391D7419BC00DBFA7C /* PockemonApp.app */,
			);
			name = Products;
			sourceTree = "<group>";
		};
		C5579F3B1D7419BC00DBFA7C /* PockemonApp */ = {
			isa = PBXGroup;
			children = (
				C52D36A81D76D876009C4FE5 /* data */,
				C52D36B41D76FACD009C4FE5 /* viewModels */,
				C5FDB5431D75E5B1006D6727 /* Views */,
				C5FDB5421D75E59E006D6727 /* API */,
				C5579F561D74259D00DBFA7C /* Model */,
				C5579F3C1D7419BC00DBFA7C /* AppDelegate.swift */,
				C5579F401D7419BC00DBFA7C /* Main.storyboard */,
				C5579F431D7419BC00DBFA7C /* Assets.xcassets */,
				C5579F451D7419BC00DBFA7C /* LaunchScreen.storyboard */,
				C5579F481D7419BC00DBFA7C /* Info.plist */,
				C53BA2D51D8001C500410287 /* ReactiveDataFavouriteAlbums.swift */,
			);
			path = PockemonApp;
			sourceTree = "<group>";
		};
		C5579F561D74259D00DBFA7C /* Model */ = {
			isa = PBXGroup;
			children = (
				C52D36B31D76E70F009C4FE5 /* OldModels */,
				C5FDB5441D75E637006D6727 /* Album.swift */,
				C5579F5B1D743E5400DBFA7C /* User.swift */,
				C5FDB53E1D75E588006D6727 /* Photo.swift */,
			);
			name = Model;
			sourceTree = "<group>";
		};
		C5FDB5421D75E59E006D6727 /* API */ = {
			isa = PBXGroup;
			children = (
				C5579F5F1D744B6D00DBFA7C /* ApiServiceGet.swift */,
			);
			name = API;
			sourceTree = "<group>";
		};
		C5FDB5431D75E5B1006D6727 /* Views */ = {
			isa = PBXGroup;
			children = (
				C5579F591D74308B00DBFA7C /* PhotosCollectionViewController.swift */,
				C5579F3E1D7419BC00DBFA7C /* AlbumsListViewController.swift */,
				C5579F571D7425CE00DBFA7C /* AlbumCell.swift */,
				C52D36AF1D76E03E009C4FE5 /* AlbumsLikedController.swift */,
				C52D36B11D76E181009C4FE5 /* PhotoCell.swift */,
			);
			name = Views;
			sourceTree = "<group>";
		};
/* End PBXGroup section */

/* Begin PBXNativeTarget section */
		C5579F381D7419BC00DBFA7C /* PockemonApp */ = {
			isa = PBXNativeTarget;
			buildConfigurationList = C5579F4B1D7419BC00DBFA7C /* Build configuration list for PBXNativeTarget "PockemonApp" */;
			buildPhases = (
				5F1931AFCDF705152DEBCC17 /* [CP] Check Pods Manifest.lock */,
				C5579F351D7419BC00DBFA7C /* Sources */,
				C5579F361D7419BC00DBFA7C /* Frameworks */,
				C5579F371D7419BC00DBFA7C /* Resources */,
				CF6A1D7D0DD88AB6D198325C /* [CP] Embed Pods Frameworks */,
				BA104309561AD376DE49C6A7 /* [CP] Copy Pods Resources */,
			);
			buildRules = (
			);
			dependencies = (
			);
			name = PockemonApp;
			productName = PockemonApp;
			productReference = C5579F391D7419BC00DBFA7C /* PockemonApp.app */;
			productType = "com.apple.product-type.application";
		};
/* End PBXNativeTarget section */

/* Begin PBXProject section */
		C5579F311D7419BC00DBFA7C /* Project object */ = {
			isa = PBXProject;
			attributes = {
				LastSwiftUpdateCheck = 0730;
				LastUpgradeCheck = 0730;
				ORGANIZATIONNAME = "Anna Gorobchenko";
				TargetAttributes = {
					C5579F381D7419BC00DBFA7C = {
						CreatedOnToolsVersion = 7.3.1;
					};
				};
			};
			buildConfigurationList = C5579F341D7419BC00DBFA7C /* Build configuration list for PBXProject "PockemonApp" */;
			compatibilityVersion = "Xcode 3.2";
			developmentRegion = English;
			hasScannedForEncodings = 0;
			knownRegions = (
				en,
				Base,
			);
			mainGroup = C5579F301D7419BC00DBFA7C;
			productRefGroup = C5579F3A1D7419BC00DBFA7C /* Products */;
			projectDirPath = "";
			projectRoot = "";
			targets = (
				C5579F381D7419BC00DBFA7C /* PockemonApp */,
			);
		};
/* End PBXProject section */

/* Begin PBXResourcesBuildPhase section */
		C5579F371D7419BC00DBFA7C /* Resources */ = {
			isa = PBXResourcesBuildPhase;
			buildActionMask = 2147483647;
			files = (
				C52D36AD1D76D877009C4FE5 /* photos.json in Resources */,
				C5579F471D7419BC00DBFA7C /* LaunchScreen.storyboard in Resources */,
				C5579F441D7419BC00DBFA7C /* Assets.xcassets in Resources */,
				C52D36AC1D76D877009C4FE5 /* albums.json in Resources */,
				C52D36AE1D76D877009C4FE5 /* users.json in Resources */,
				C5579F4F1D741A3300DBFA7C /* Podfile in Resources */,
				C5579F421D7419BC00DBFA7C /* Main.storyboard in Resources */,
			);
			runOnlyForDeploymentPostprocessing = 0;
		};
/* End PBXResourcesBuildPhase section */

/* Begin PBXShellScriptBuildPhase section */
		5F1931AFCDF705152DEBCC17 /* [CP] Check Pods Manifest.lock */ = {
			isa = PBXShellScriptBuildPhase;
			buildActionMask = 2147483647;
			files = (
			);
			inputPaths = (
			);
			name = "[CP] Check Pods Manifest.lock";
			outputPaths = (
			);
			runOnlyForDeploymentPostprocessing = 0;
			shellPath = /bin/sh;
			shellScript = "diff \"${PODS_ROOT}/../Podfile.lock\" \"${PODS_ROOT}/Manifest.lock\" > /dev/null\nif [[ $? != 0 ]] ; then\n    cat << EOM\nerror: The sandbox is not in sync with the Podfile.lock. Run 'pod install' or update your CocoaPods installation.\nEOM\n    exit 1\nfi\n";
			showEnvVarsInLog = 0;
		};
		BA104309561AD376DE49C6A7 /* [CP] Copy Pods Resources */ = {
			isa = PBXShellScriptBuildPhase;
			buildActionMask = 2147483647;
			files = (
			);
			inputPaths = (
			);
			name = "[CP] Copy Pods Resources";
			outputPaths = (
			);
			runOnlyForDeploymentPostprocessing = 0;
			shellPath = /bin/sh;
			shellScript = "\"${SRCROOT}/Pods/Target Support Files/Pods-PockemonApp/Pods-PockemonApp-resources.sh\"\n";
			showEnvVarsInLog = 0;
		};
		CF6A1D7D0DD88AB6D198325C /* [CP] Embed Pods Frameworks */ = {
			isa = PBXShellScriptBuildPhase;
			buildActionMask = 2147483647;
			files = (
			);
			inputPaths = (
			);
			name = "[CP] Embed Pods Frameworks";
			outputPaths = (
			);
			runOnlyForDeploymentPostprocessing = 0;
			shellPath = /bin/sh;
			shellScript = "\"${SRCROOT}/Pods/Target Support Files/Pods-PockemonApp/Pods-PockemonApp-frameworks.sh\"\n";
			showEnvVarsInLog = 0;
		};
/* End PBXShellScriptBuildPhase section */

/* Begin PBXSourcesBuildPhase section */
		C5579F351D7419BC00DBFA7C /* Sources */ = {
			isa = PBXSourcesBuildPhase;
			buildActionMask = 2147483647;
			files = (
				C5579F3F1D7419BC00DBFA7C /* AlbumsListViewController.swift in Sources */,
				C52D36B01D76E03E009C4FE5 /* AlbumsLikedController.swift in Sources */,
				C52D36B61D76FB3C009C4FE5 /* ViewModelAlbumsList.swift in Sources */,
				C5579F3D1D7419BC00DBFA7C /* AppDelegate.swift in Sources */,
				C5579F5A1D74308B00DBFA7C /* PhotosCollectionViewController.swift in Sources */,
				C52D36B21D76E181009C4FE5 /* PhotoCell.swift in Sources */,
				C5FDB5491D75E717006D6727 /* ImageUrl.swift in Sources */,
				C5FDB5451D75E637006D6727 /* Album.swift in Sources */,
				C5579F5E1D74473700DBFA7C /* PokemonUrlsNames.swift in Sources */,
				C53BA2D61D8001C500410287 /* ReactiveDataFavouriteAlbums.swift in Sources */,
				C52D36BB1D76FB80009C4FE5 /* ViewModelPhotosCollection.swift in Sources */,
				C52D36B91D76FB5C009C4FE5 /* ViewModelLikedAlbums.swift in Sources */,
				C5FDB53F1D75E588006D6727 /* Photo.swift in Sources */,
				C5579F601D744B6D00DBFA7C /* ApiServiceGet.swift in Sources */,
				C534E2C71D829C5700E00162 /* ViewModelCell.swift in Sources */,
				C5579F581D7425CE00DBFA7C /* AlbumCell.swift in Sources */,
				C5FDB5471D75E69D006D6727 /* TypeName.swift in Sources */,
				C5FDB5411D75E598006D6727 /* Ability.swift in Sources */,
				C5579F5C1D743E5400DBFA7C /* User.swift in Sources */,
			);
			runOnlyForDeploymentPostprocessing = 0;
		};
/* End PBXSourcesBuildPhase section */

/* Begin PBXVariantGroup section */
		C5579F401D7419BC00DBFA7C /* Main.storyboard */ = {
			isa = PBXVariantGroup;
			children = (
				C5579F411D7419BC00DBFA7C /* Base */,
			);
			name = Main.storyboard;
			sourceTree = "<group>";
		};
		C5579F451D7419BC00DBFA7C /* LaunchScreen.storyboard */ = {
			isa = PBXVariantGroup;
			children = (
				C5579F461D7419BC00DBFA7C /* Base */,
			);
			name = LaunchScreen.storyboard;
			sourceTree = "<group>";
		};
/* End PBXVariantGroup section */

/* Begin XCBuildConfiguration section */
		C5579F491D7419BC00DBFA7C /* Debug */ = {
			isa = XCBuildConfiguration;
			buildSettings = {
				ALWAYS_SEARCH_USER_PATHS = NO;
				CLANG_ANALYZER_NONNULL = YES;
				CLANG_CXX_LANGUAGE_STANDARD = "gnu++0x";
				CLANG_CXX_LIBRARY = "libc++";
				CLANG_ENABLE_MODULES = YES;
				CLANG_ENABLE_OBJC_ARC = YES;
				CLANG_WARN_BOOL_CONVERSION = YES;
				CLANG_WARN_CONSTANT_CONVERSION = YES;
				CLANG_WARN_DIRECT_OBJC_ISA_USAGE = YES_ERROR;
				CLANG_WARN_EMPTY_BODY = YES;
				CLANG_WARN_ENUM_CONVERSION = YES;
				CLANG_WARN_INT_CONVERSION = YES;
				CLANG_WARN_OBJC_ROOT_CLASS = YES_ERROR;
				CLANG_WARN_UNREACHABLE_CODE = YES;
				CLANG_WARN__DUPLICATE_METHOD_MATCH = YES;
				"CODE_SIGN_IDENTITY[sdk=iphoneos*]" = "iPhone Developer";
				COPY_PHASE_STRIP = NO;
				DEBUG_INFORMATION_FORMAT = dwarf;
				ENABLE_STRICT_OBJC_MSGSEND = YES;
				ENABLE_TESTABILITY = YES;
				GCC_C_LANGUAGE_STANDARD = gnu99;
				GCC_DYNAMIC_NO_PIC = NO;
				GCC_NO_COMMON_BLOCKS = YES;
				GCC_OPTIMIZATION_LEVEL = 0;
				GCC_PREPROCESSOR_DEFINITIONS = (
					"DEBUG=1",
					"$(inherited)",
				);
				GCC_WARN_64_TO_32_BIT_CONVERSION = YES;
				GCC_WARN_ABOUT_RETURN_TYPE = YES_ERROR;
				GCC_WARN_UNDECLARED_SELECTOR = YES;
				GCC_WARN_UNINITIALIZED_AUTOS = YES_AGGRESSIVE;
				GCC_WARN_UNUSED_FUNCTION = YES;
				GCC_WARN_UNUSED_VARIABLE = YES;
				IPHONEOS_DEPLOYMENT_TARGET = 9.3;
				MTL_ENABLE_DEBUG_INFO = YES;
				ONLY_ACTIVE_ARCH = YES;
				SDKROOT = iphoneos;
				SWIFT_OPTIMIZATION_LEVEL = "-Onone";
				TARGETED_DEVICE_FAMILY = "1,2";
			};
			name = Debug;
		};
		C5579F4A1D7419BC00DBFA7C /* Release */ = {
			isa = XCBuildConfiguration;
			buildSettings = {
				ALWAYS_SEARCH_USER_PATHS = NO;
				CLANG_ANALYZER_NONNULL = YES;
				CLANG_CXX_LANGUAGE_STANDARD = "gnu++0x";
				CLANG_CXX_LIBRARY = "libc++";
				CLANG_ENABLE_MODULES = YES;
				CLANG_ENABLE_OBJC_ARC = YES;
				CLANG_WARN_BOOL_CONVERSION = YES;
				CLANG_WARN_CONSTANT_CONVERSION = YES;
				CLANG_WARN_DIRECT_OBJC_ISA_USAGE = YES_ERROR;
				CLANG_WARN_EMPTY_BODY = YES;
				CLANG_WARN_ENUM_CONVERSION = YES;
				CLANG_WARN_INT_CONVERSION = YES;
				CLANG_WARN_OBJC_ROOT_CLASS = YES_ERROR;
				CLANG_WARN_UNREACHABLE_CODE = YES;
				CLANG_WARN__DUPLICATE_METHOD_MATCH = YES;
				"CODE_SIGN_IDENTITY[sdk=iphoneos*]" = "iPhone Developer";
				COPY_PHASE_STRIP = NO;
				DEBUG_INFORMATION_FORMAT = "dwarf-with-dsym";
				ENABLE_NS_ASSERTIONS = NO;
				ENABLE_STRICT_OBJC_MSGSEND = YES;
				GCC_C_LANGUAGE_STANDARD = gnu99;
				GCC_NO_COMMON_BLOCKS = YES;
				GCC_WARN_64_TO_32_BIT_CONVERSION = YES;
				GCC_WARN_ABOUT_RETURN_TYPE = YES_ERROR;
				GCC_WARN_UNDECLARED_SELECTOR = YES;
				GCC_WARN_UNINITIALIZED_AUTOS = YES_AGGRESSIVE;
				GCC_WARN_UNUSED_FUNCTION = YES;
				GCC_WARN_UNUSED_VARIABLE = YES;
				IPHONEOS_DEPLOYMENT_TARGET = 9.3;
				MTL_ENABLE_DEBUG_INFO = NO;
				SDKROOT = iphoneos;
				TARGETED_DEVICE_FAMILY = "1,2";
				VALIDATE_PRODUCT = YES;
			};
			name = Release;
		};
		C5579F4C1D7419BC00DBFA7C /* Debug */ = {
			isa = XCBuildConfiguration;
			baseConfigurationReference = 6DF378ED542FCCD412900A41 /* Pods-PockemonApp.debug.xcconfig */;
			buildSettings = {
				ASSETCATALOG_COMPILER_APPICON_NAME = AppIcon;
				INFOPLIST_FILE = PockemonApp/Info.plist;
				LD_RUNPATH_SEARCH_PATHS = "$(inherited) @executable_path/Frameworks";
				PRODUCT_BUNDLE_IDENTIFIER = com.annagoro.PockemonApp;
				PRODUCT_NAME = "$(TARGET_NAME)";
			};
			name = Debug;
		};
		C5579F4D1D7419BC00DBFA7C /* Release */ = {
			isa = XCBuildConfiguration;
			baseConfigurationReference = 465B7B4A6BFB3791EF14B9CD /* Pods-PockemonApp.release.xcconfig */;
			buildSettings = {
				ASSETCATALOG_COMPILER_APPICON_NAME = AppIcon;
				INFOPLIST_FILE = PockemonApp/Info.plist;
				LD_RUNPATH_SEARCH_PATHS = "$(inherited) @executable_path/Frameworks";
				PRODUCT_BUNDLE_IDENTIFIER = com.annagoro.PockemonApp;
				PRODUCT_NAME = "$(TARGET_NAME)";
			};
			name = Release;
		};
/* End XCBuildConfiguration section */

/* Begin XCConfigurationList section */
		C5579F341D7419BC00DBFA7C /* Build configuration list for PBXProject "PockemonApp" */ = {
			isa = XCConfigurationList;
			buildConfigurations = (
				C5579F491D7419BC00DBFA7C /* Debug */,
				C5579F4A1D7419BC00DBFA7C /* Release */,
			);
			defaultConfigurationIsVisible = 0;
			defaultConfigurationName = Release;
		};
		C5579F4B1D7419BC00DBFA7C /* Build configuration list for PBXNativeTarget "PockemonApp" */ = {
			isa = XCConfigurationList;
			buildConfigurations = (
				C5579F4C1D7419BC00DBFA7C /* Debug */,
				C5579F4D1D7419BC00DBFA7C /* Release */,
			);
			defaultConfigurationIsVisible = 0;
			defaultConfigurationName = Release;
		};
/* End XCConfigurationList section */
	};
	rootObject = C5579F311D7419BC00DBFA7C /* Project object */;
}
